lockfileVersion: 5.4

specifiers:
  '@primer/octicons': ^17.3.0
  color-contrast-checker: ^2.1.0
  livebud: ^0.2.1
  svelte: ^3.48.0
  svelte-time: ^0.7.1

dependencies:
  '@primer/octicons': 17.12.0
  color-contrast-checker: 2.1.0
  livebud: 0.2.8
  svelte: 3.55.1
  svelte-time: 0.7.1

packages:

  /@primer/octicons/17.12.0:
    resolution: {integrity: sha512-r13VTHQ7kZmqKtMQa8lfdpr0ocqdMOYGiDWuUrIeBCq+V87u6oasbuRxy5A3y8oLxW0QXmnISr9DPT5ybAoadA==}
    dependencies:
      object-assign: 4.1.1
    dev: false

  /color-contrast-checker/2.1.0:
    resolution: {integrity: sha512-6Y0aIEej3pwZTVlicIqVzhO6T4izDWouaIXnYoDdTuFFAMQ9nnN0dgHNP9J94jRnH6asjPq1/wzUKxwoNbWtRQ==}
    dev: false

  /dayjs/1.11.7:
    resolution: {integrity: sha512-+Yw9U6YO5TQohxLcIkrXBeY73WP3ejHWVvx8XCk3gxvQDCTEmS48ZrSZCKciI7Bhl/uCMyxYtE9UqRILmFphkQ==}
    dev: false

  /js-tokens/4.0.0:
    resolution: {integrity: sha512-RdJUflcE3cUzKiMqQgsCu06FPu9UdIJO0beYbPhHN4k6apgJtifcoCtT9bcxOpYBtpD2kCM6Sbzg4CausW/PKQ==}
    dev: false

  /livebud/0.2.8:
    resolution: {integrity: sha512-fApME0iMCFTGdK7jgo9HyKTpcWDZ2i26+rDAm6upUX5j95bnAk0wCdUQTkzNTbQeFMyZ8LMRndEhAA0OWEddIw==}
    dependencies:
      react: 18.0.0
      react-dom: 18.0.0_react@18.0.0
      svelte: 3.47.0
    dev: false

  /loose-envify/1.4.0:
    resolution: {integrity: sha512-lyuxPGr/Wfhrlem2CL/UcnUc1zcqKAImBDzukY7Y5F/yQiNdko6+fRLevlw1HgMySw7f611UIY408EtxRSoK3Q==}
    hasBin: true
    dependencies:
      js-tokens: 4.0.0
    dev: false

  /object-assign/4.1.1:
    resolution: {integrity: sha512-rJgTQnkUnH1sFw8yT6VSU3zD3sWmu6sZhIseY8VX+GRu3P6F7Fu+JNDoXfklElbLJSnc3FUQHVe4cU5hj+BcUg==}
    engines: {node: '>=0.10.0'}
    dev: false

  /react-dom/18.0.0_react@18.0.0:
    resolution: {integrity: sha512-XqX7uzmFo0pUceWFCt7Gff6IyIMzFUn7QMZrbrQfGxtaxXZIcGQzoNpRLE3fQLnS4XzLLPMZX2T9TRcSrasicw==}
    peerDependencies:
      react: ^18.0.0
    dependencies:
      loose-envify: 1.4.0
      react: 18.0.0
      scheduler: 0.21.0
    dev: false

  /react/18.0.0:
    resolution: {integrity: sha512-x+VL6wbT4JRVPm7EGxXhZ8w8LTROaxPXOqhlGyVSrv0sB1jkyFGgXxJ8LVoPRLvPR6/CIZGFmfzqUa2NYeMr2A==}
    engines: {node: '>=0.10.0'}
    dependencies:
      loose-envify: 1.4.0
    dev: false

  /scheduler/0.21.0:
    resolution: {integrity: sha512-1r87x5fz9MXqswA2ERLo0EbOAU74DpIUO090gIasYTqlVoJeMcl+Z1Rg7WHz+qtPujhS/hGIt9kxZOYBV3faRQ==}
    dependencies:
      loose-envify: 1.4.0
    dev: false

  /svelte-time/0.7.1:
    resolution: {integrity: sha512-E7IL/85j7oj5fhxvmlau616TUbFfa6Vyy1PFTL3Y8SJGY6NXJaUj7DOYJrXVdoS3Rm9RVST0M6qWd6vqrYgM+w==}
    dependencies:
      dayjs: 1.11.7
    dev: false

  /svelte/3.47.0:
    resolution: {integrity: sha512-4JaJp3HEoTCGARRWZQIZDUanhYv0iyoHikklVHVLH9xFE9db22g4TDv7CPeNA8HD1JgjXI1vlhR1JZvvhaTu2Q==}
    engines: {node: '>= 8'}
    dev: false

  /svelte/3.55.1:
    resolution: {integrity: sha512-S+87/P0Ve67HxKkEV23iCdAh/SX1xiSfjF1HOglno/YTbSTW7RniICMCofWGdJJbdjw3S+0PfFb1JtGfTXE0oQ==}
    engines: {node: '>= 8'}
    dev: false
