# THIS IS AN AUTOGENERATED FILE. DO NOT EDIT THIS FILE DIRECTLY.
# yarn lockfile v1


"@primer/octicons@^17.3.0":
  version "17.3.0"
  resolved "https://registry.yarnpkg.com/@primer/octicons/-/octicons-17.3.0.tgz#52f86d57ffacb04d1e3d792710a14181c7853ef4"
  integrity sha512-4zPwwloYWdR6RznMafV7Fsw3n2CeDPp/+qEIQbaX/tBbPY1KmU0OAXmhRfhD5AzgB5kdV1aQ7KnQr1GeQXl9Dg==
  dependencies:
    object-assign "^4.1.1"

color-contrast-checker@^2.1.0:
  version "2.1.0"
  resolved "https://registry.yarnpkg.com/color-contrast-checker/-/color-contrast-checker-2.1.0.tgz#05bda8ee59bd7901324ca0443497cf169f1b3296"
  integrity sha512-6Y0aIEej3pwZTVlicIqVzhO6T4izDWouaIXnYoDdTuFFAMQ9nnN0dgHNP9J94jRnH6asjPq1/wzUKxwoNbWtRQ==

dayjs@^1.11.3:
  version "1.11.3"
  resolved "https://registry.yarnpkg.com/dayjs/-/dayjs-1.11.3.tgz#4754eb694a624057b9ad2224b67b15d552589258"
  integrity sha512-xxwlswWOlGhzgQ4TKzASQkUhqERI3egRNqgV4ScR8wlANA/A9tZ7miXa44vTTKEq5l7vWoL5G57bG3zA+Kow0A==

"js-tokens@^3.0.0 || ^4.0.0":
  version "4.0.0"
  resolved "https://registry.yarnpkg.com/js-tokens/-/js-tokens-4.0.0.tgz#19203fb59991df98e3a287050d4647cdeaf32499"
  integrity sha512-RdJUflcE3cUzKiMqQgsCu06FPu9UdIJO0beYbPhHN4k6apgJtifcoCtT9bcxOpYBtpD2kCM6Sbzg4CausW/PKQ==

livebud@^0.1.7:
  version "0.1.7"
  resolved "https://registry.yarnpkg.com/livebud/-/livebud-0.1.7.tgz#59bce3a0e9910ca8b5641ea649f636d7ccaf999d"
  integrity sha512-0+BFi9gG3ejmz4pZE36pyFuwXSM1vGFTiwfU13aTfAzLJ0yQL1SNgyoJExI1vwBNRelNTxksmP+vplfu0m4Zxg==
  dependencies:
    react "18.0.0"
    react-dom "18.0.0"
    svelte "3.47.0"

loose-envify@^1.1.0:
  version "1.4.0"
  resolved "https://registry.yarnpkg.com/loose-envify/-/loose-envify-1.4.0.tgz#71ee51fa7be4caec1a63839f7e682d8132d30caf"
  integrity sha512-lyuxPGr/Wfhrlem2CL/UcnUc1zcqKAImBDzukY7Y5F/yQiNdko6+fRLevlw1HgMySw7f611UIY408EtxRSoK3Q==
  dependencies:
    js-tokens "^3.0.0 || ^4.0.0"

object-assign@^4.1.1:
  version "4.1.1"
  resolved "https://registry.yarnpkg.com/object-assign/-/object-assign-4.1.1.tgz#2109adc7965887cfc05cbbd442cac8bfbb360863"
  integrity sha512-rJgTQnkUnH1sFw8yT6VSU3zD3sWmu6sZhIseY8VX+GRu3P6F7Fu+JNDoXfklElbLJSnc3FUQHVe4cU5hj+BcUg==

react-dom@18.0.0:
  version "18.0.0"
  resolved "https://registry.yarnpkg.com/react-dom/-/react-dom-18.0.0.tgz#26b88534f8f1dbb80853e1eabe752f24100d8023"
  integrity sha512-XqX7uzmFo0pUceWFCt7Gff6IyIMzFUn7QMZrbrQfGxtaxXZIcGQzoNpRLE3fQLnS4XzLLPMZX2T9TRcSrasicw==
  dependencies:
    loose-envify "^1.1.0"
    scheduler "^0.21.0"

react@18.0.0:
  version "18.0.0"
  resolved "https://registry.yarnpkg.com/react/-/react-18.0.0.tgz#b468736d1f4a5891f38585ba8e8fb29f91c3cb96"
  integrity sha512-x+VL6wbT4JRVPm7EGxXhZ8w8LTROaxPXOqhlGyVSrv0sB1jkyFGgXxJ8LVoPRLvPR6/CIZGFmfzqUa2NYeMr2A==
  dependencies:
    loose-envify "^1.1.0"

scheduler@^0.21.0:
  version "0.21.0"
  resolved "https://registry.yarnpkg.com/scheduler/-/scheduler-0.21.0.tgz#6fd2532ff5a6d877b6edb12f00d8ab7e8f308820"
  integrity sha512-1r87x5fz9MXqswA2ERLo0EbOAU74DpIUO090gIasYTqlVoJeMcl+Z1Rg7WHz+qtPujhS/hGIt9kxZOYBV3faRQ==
  dependencies:
    loose-envify "^1.1.0"

svelte-time@^0.7.1:
  version "0.7.1"
  resolved "https://registry.yarnpkg.com/svelte-time/-/svelte-time-0.7.1.tgz#5608f6e12cb9bd61f739026ce006642d649d66be"
  integrity sha512-E7IL/85j7oj5fhxvmlau616TUbFfa6Vyy1PFTL3Y8SJGY6NXJaUj7DOYJrXVdoS3Rm9RVST0M6qWd6vqrYgM+w==
  dependencies:
    dayjs "^1.11.3"

svelte@3.47.0:
  version "3.47.0"
  resolved "https://registry.yarnpkg.com/svelte/-/svelte-3.47.0.tgz#ba46fe4aea99fc650d6939c215cd4694f5325a19"
  integrity sha512-4JaJp3HEoTCGARRWZQIZDUanhYv0iyoHikklVHVLH9xFE9db22g4TDv7CPeNA8HD1JgjXI1vlhR1JZvvhaTu2Q==

svelte@^3.48.0:
  version "3.48.0"
  resolved "https://registry.yarnpkg.com/svelte/-/svelte-3.48.0.tgz#f98c866d45e155bad8e1e88f15f9c03cd28753d3"
  integrity sha512-fN2YRm/bGumvjUpu6yI3BpvZnpIm9I6A7HR4oUNYd7ggYyIwSA/BX7DJ+UXXffLp6XNcUijyLvttbPVCYa/3xQ==
