memos: {
  module: {
    cmd: {
      command: {
        name: "run"
      }
    }
  }
  calls: {
    binding: "resolve"
    results: {
      input: {
        array: {
          values: {
            object: {
              bindings: {
                symbol: "platform"
                value: {
                  object: {
                    bindings: {
                      symbol: "os"
                      value: {
                        string: {
                          value: "linux"
                        }
                      }
                    }
                  }
                }
              }
              bindings: {
                symbol: "repository"
                value: {
                  string: {
                    value: "alpine/git"
                  }
                }
              }
              bindings: {
                symbol: "tag"
                value: {
                  string: {
                    value: "latest"
                  }
                }
              }
            }
          }
        }
      }
      output: {
        object: {
          bindings: {
            symbol: "repository"
            value: {
              string: {
                value: "alpine/git"
              }
            }
          }
          bindings: {
            symbol: "platform"
            value: {
              object: {
                bindings: {
                  symbol: "os"
                  value: {
                    string: {
                      value: "linux"
                    }
                  }
                }
              }
            }
          }
          bindings: {
            symbol: "tag"
            value: {
              string: {
                value: "latest"
              }
            }
          }
          bindings: {
            symbol: "digest"
            value: {
              string: {
                value: "sha256:760aaf0d59c93f87572ec40dee1efd10a7ea13a78dff1f59a904e908449329ae"
              }
            }
          }
        }
      }
    }
  }
}
memos: {
  module: {
    cmd: {
      command: {
        name: "git"
      }
    }
    stdin: {
      object: {
        bindings: {
          symbol: "repository"
          value: {
            string: {
              value: "alpine/git"
            }
          }
        }
        bindings: {
          symbol: "platform"
          value: {
            object: {
              bindings: {
                symbol: "os"
                value: {
                  string: {
                    value: "linux"
                  }
                }
              }
            }
          }
        }
        bindings: {
          symbol: "tag"
          value: {
            string: {
              value: "latest"
            }
          }
        }
        bindings: {
          symbol: "digest"
          value: {
            string: {
              value: "sha256:760aaf0d59c93f87572ec40dee1efd10a7ea13a78dff1f59a904e908449329ae"
            }
          }
        }
      }
    }
  }
  calls: {
    binding: "ls-remote"
    results: {
      input: {
        array: {
          values: {
            string: {
              value: "https://github.com/vito/tabs"
            }
          }
          values: {
            string: {
              value: "main"
            }
          }
        }
      }
      output: {
        string: {
          value: "2f824aa1b2670bb9e11d6ca138e074b5d66e03a4"
        }
      }
    }
  }
}
