memos: {
  module: {
    cmd: {
      command: {
        name: "run"
      }
    }
  }
  calls: {
    binding: "resolve"
    results: {
      input: {
        array: {
          values: {
            object: {
              bindings: {
                symbol: "platform"
                value: {
                  object: {
                    bindings: {
                      symbol: "os"
                      value: {
                        string: {
                          value: "linux"
                        }
                      }
                    }
                  }
                }
              }
              bindings: {
                symbol: "repository"
                value: {
                  string: {
                    value: "alpine/git"
                  }
                }
              }
              bindings: {
                symbol: "tag"
                value: {
                  string: {
                    value: "latest"
                  }
                }
              }
            }
          }
        }
      }
      output: {
        object: {
          bindings: {
            symbol: "platform"
            value: {
              object: {
                bindings: {
                  symbol: "os"
                  value: {
                    string: {
                      value: "linux"
                    }
                  }
                }
              }
            }
          }
          bindings: {
            symbol: "repository"
            value: {
              string: {
                value: "alpine/git"
              }
            }
          }
          bindings: {
            symbol: "tag"
            value: {
              string: {
                value: "latest"
              }
            }
          }
          bindings: {
            symbol: "digest"
            value: {
              string: {
                value: "sha256:760aaf0d59c93f87572ec40dee1efd10a7ea13a78dff1f59a904e908449329ae"
              }
            }
          }
        }
      }
    }
    results: {
      input: {
        array: {
          values: {
            object: {
              bindings: {
                symbol: "platform"
                value: {
                  object: {
                    bindings: {
                      symbol: "os"
                      value: {
                        string: {
                          value: "linux"
                        }
                      }
                    }
                  }
                }
              }
              bindings: {
                symbol: "repository"
                value: {
                  string: {
                    value: "golang"
                  }
                }
              }
              bindings: {
                symbol: "tag"
                value: {
                  string: {
                    value: "latest"
                  }
                }
              }
            }
          }
        }
      }
      output: {
        object: {
          bindings: {
            symbol: "platform"
            value: {
              object: {
                bindings: {
                  symbol: "os"
                  value: {
                    string: {
                      value: "linux"
                    }
                  }
                }
              }
            }
          }
          bindings: {
            symbol: "repository"
            value: {
              string: {
                value: "golang"
              }
            }
          }
          bindings: {
            symbol: "tag"
            value: {
              string: {
                value: "latest"
              }
            }
          }
          bindings: {
            symbol: "digest"
            value: {
              string: {
                value: "sha256:d72a2944621f0f4027983e094bdf9464d26459c17efe732320043b84c91e51e7"
              }
            }
          }
        }
      }
    }
  }
}
memos: {
  module: {
    cmd: {
      command: {
        name: "git"
      }
    }
    stdin: {
      object: {
        bindings: {
          symbol: "platform"
          value: {
            object: {
              bindings: {
                symbol: "os"
                value: {
                  string: {
                    value: "linux"
                  }
                }
              }
            }
          }
        }
        bindings: {
          symbol: "repository"
          value: {
            string: {
              value: "alpine/git"
            }
          }
        }
        bindings: {
          symbol: "tag"
          value: {
            string: {
              value: "latest"
            }
          }
        }
        bindings: {
          symbol: "digest"
          value: {
            string: {
              value: "sha256:5dbc7ef3c51fd64e996c3ca819d625ca21bbc4259be166fd9a46395d5f6c6a1f"
            }
          }
        }
      }
    }
  }
  calls: {
    binding: "ls-remote"
    results: {
      input: {
        array: {
          values: {
            string: {
              value: "https://github.com/vito/bass-loop"
            }
          }
          values: {
            string: {
              value: "main"
            }
          }
        }
      }
      output: {
        string: {
          value: "11355fd756fcdfd60084de1b145223ef281c54aa"
        }
      }
    }
  }
}
memos: {
  module: {
    cmd: {
      command: {
        name: "git"
      }
    }
    stdin: {
      object: {
        bindings: {
          symbol: "platform"
          value: {
            object: {
              bindings: {
                symbol: "os"
                value: {
                  string: {
                    value: "linux"
                  }
                }
              }
            }
          }
        }
        bindings: {
          symbol: "repository"
          value: {
            string: {
              value: "alpine/git"
            }
          }
        }
        bindings: {
          symbol: "tag"
          value: {
            string: {
              value: "latest"
            }
          }
        }
        bindings: {
          symbol: "digest"
          value: {
            string: {
              value: "sha256:23dcd3edfd1d9c7cbb14f7823d07a4934716cfa4d4dbc402d37ee011c440a685"
            }
          }
        }
      }
    }
  }
  calls: {
    binding: "ls-remote"
    results: {
      input: {
        array: {
          values: {
            string: {
              value: "https://github.com/vito/bass-loop"
            }
          }
          values: {
            string: {
              value: "main"
            }
          }
        }
      }
      output: {
        string: {
          value: "11355fd756fcdfd60084de1b145223ef281c54aa"
        }
      }
    }
    results: {
      input: {
        array: {
          values: {
            string: {
              value: "https://github.com/vito/tabs"
            }
          }
          values: {
            string: {
              value: "main"
            }
          }
        }
      }
      output: {
        string: {
          value: "7f059c22fbde8d0d437e9a919a9706ae674be3b5"
        }
      }
    }
  }
}
memos: {
  module: {
    cmd: {
      command: {
        name: "git"
      }
    }
    stdin: {
      object: {
        bindings: {
          symbol: "platform"
          value: {
            object: {
              bindings: {
                symbol: "os"
                value: {
                  string: {
                    value: "linux"
                  }
                }
              }
            }
          }
        }
        bindings: {
          symbol: "repository"
          value: {
            string: {
              value: "alpine/git"
            }
          }
        }
        bindings: {
          symbol: "tag"
          value: {
            string: {
              value: "latest"
            }
          }
        }
        bindings: {
          symbol: "digest"
          value: {
            string: {
              value: "sha256:760aaf0d59c93f87572ec40dee1efd10a7ea13a78dff1f59a904e908449329ae"
            }
          }
        }
      }
    }
  }
  calls: {
    binding: "ls-remote"
    results: {
      input: {
        array: {
          values: {
            string: {
              value: "https://github.com/vito/tabs"
            }
          }
          values: {
            string: {
              value: "main"
            }
          }
        }
      }
      output: {
        string: {
          value: "7f059c22fbde8d0d437e9a919a9706ae674be3b5"
        }
      }
    }
    results: {
      input: {
        array: {
          values: {
            string: {
              value: "https://github.com/livebud/bud"
            }
          }
          values: {
            string: {
              value: "v0.2.1"
            }
          }
        }
      }
      output: {
        string: {
          value: "f44d8ecffb78792dbf1938d72a5851ad0e037d51"
        }
      }
    }
  }
}
